// !$*UTF8*$!
{
	archiveVersion = 1;
	classes = {
	};
	objectVersion = 56;
	objects = {

/* Begin PBXBuildFile section */
		F9074E452A48FB7B00B9D06B /* SwiftAppetizersApp.swift in Sources */ = {isa = PBXBuildFile; fileRef = F9074E442A48FB7B00B9D06B /* SwiftAppetizersApp.swift */; };
		F9074E472A48FB7B00B9D06B /* AppetizerTabView.swift in Sources */ = {isa = PBXBuildFile; fileRef = F9074E462A48FB7B00B9D06B /* AppetizerTabView.swift */; };
		F9074E492A48FB7D00B9D06B /* Assets.xcassets in Resources */ = {isa = PBXBuildFile; fileRef = F9074E482A48FB7D00B9D06B /* Assets.xcassets */; };
		F9074E4C2A48FB7D00B9D06B /* Preview Assets.xcassets in Resources */ = {isa = PBXBuildFile; fileRef = F9074E4B2A48FB7D00B9D06B /* Preview Assets.xcassets */; };
		F9074E532A48FC3100B9D06B /* AppetizerListView.swift in Sources */ = {isa = PBXBuildFile; fileRef = F9074E522A48FC3100B9D06B /* AppetizerListView.swift */; };
		F9074E562A48FC4C00B9D06B /* AccoutView.swift in Sources */ = {isa = PBXBuildFile; fileRef = F9074E552A48FC4C00B9D06B /* AccoutView.swift */; };
		F9074E582A48FC5100B9D06B /* OrderView.swift in Sources */ = {isa = PBXBuildFile; fileRef = F9074E572A48FC5100B9D06B /* OrderView.swift */; };
		F9074E5B2A4954AE00B9D06B /* Appetizer.swift in Sources */ = {isa = PBXBuildFile; fileRef = F9074E5A2A4954AE00B9D06B /* Appetizer.swift */; };
		F9074E5E2A495A2400B9D06B /* AppetizerCell.swift in Sources */ = {isa = PBXBuildFile; fileRef = F9074E5D2A495A2400B9D06B /* AppetizerCell.swift */; };
		F9074E612A495CA000B9D06B /* NetworkManager.swift in Sources */ = {isa = PBXBuildFile; fileRef = F9074E602A495CA000B9D06B /* NetworkManager.swift */; };
/* End PBXBuildFile section */

/* Begin PBXFileReference section */
		F9074E412A48FB7B00B9D06B /* SwiftAppetizers.app */ = {isa = PBXFileReference; explicitFileType = wrapper.application; includeInIndex = 0; path = SwiftAppetizers.app; sourceTree = BUILT_PRODUCTS_DIR; };
		F9074E442A48FB7B00B9D06B /* SwiftAppetizersApp.swift */ = {isa = PBXFileReference; lastKnownFileType = sourcecode.swift; path = SwiftAppetizersApp.swift; sourceTree = "<group>"; };
		F9074E462A48FB7B00B9D06B /* AppetizerTabView.swift */ = {isa = PBXFileReference; lastKnownFileType = sourcecode.swift; path = AppetizerTabView.swift; sourceTree = "<group>"; };
		F9074E482A48FB7D00B9D06B /* Assets.xcassets */ = {isa = PBXFileReference; lastKnownFileType = folder.assetcatalog; path = Assets.xcassets; sourceTree = "<group>"; };
		F9074E4B2A48FB7D00B9D06B /* Preview Assets.xcassets */ = {isa = PBXFileReference; lastKnownFileType = folder.assetcatalog; path = "Preview Assets.xcassets"; sourceTree = "<group>"; };
		F9074E522A48FC3100B9D06B /* AppetizerListView.swift */ = {isa = PBXFileReference; lastKnownFileType = sourcecode.swift; path = AppetizerListView.swift; sourceTree = "<group>"; };
		F9074E552A48FC4C00B9D06B /* AccoutView.swift */ = {isa = PBXFileReference; lastKnownFileType = sourcecode.swift; path = AccoutView.swift; sourceTree = "<group>"; };
		F9074E572A48FC5100B9D06B /* OrderView.swift */ = {isa = PBXFileReference; lastKnownFileType = sourcecode.swift; path = OrderView.swift; sourceTree = "<group>"; };
		F9074E5A2A4954AE00B9D06B /* Appetizer.swift */ = {isa = PBXFileReference; lastKnownFileType = sourcecode.swift; path = Appetizer.swift; sourceTree = "<group>"; };
		F9074E5D2A495A2400B9D06B /* AppetizerCell.swift */ = {isa = PBXFileReference; lastKnownFileType = sourcecode.swift; path = AppetizerCell.swift; sourceTree = "<group>"; };
		F9074E602A495CA000B9D06B /* NetworkManager.swift */ = {isa = PBXFileReference; lastKnownFileType = sourcecode.swift; path = NetworkManager.swift; sourceTree = "<group>"; };
/* End PBXFileReference section */

/* Begin PBXFrameworksBuildPhase section */
		F9074E3E2A48FB7B00B9D06B /* Frameworks */ = {
			isa = PBXFrameworksBuildPhase;
			buildActionMask = 2147483647;
			files = (
			);
			runOnlyForDeploymentPostprocessing = 0;
		};
/* End PBXFrameworksBuildPhase section */

/* Begin PBXGroup section */
		F9074E382A48FB7B00B9D06B = {
			isa = PBXGroup;
			children = (
				F9074E432A48FB7B00B9D06B /* SwiftAppetizers */,
				F9074E422A48FB7B00B9D06B /* Products */,
			);
			sourceTree = "<group>";
		};
		F9074E422A48FB7B00B9D06B /* Products */ = {
			isa = PBXGroup;
			children = (
				F9074E412A48FB7B00B9D06B /* SwiftAppetizers.app */,
			);
			name = Products;
			sourceTree = "<group>";
		};
		F9074E432A48FB7B00B9D06B /* SwiftAppetizers */ = {
			isa = PBXGroup;
			children = (
				F9074E5F2A495C9000B9D06B /* Services */,
				F9074E5C2A495A1600B9D06B /* Cells */,
				F9074E542A48FC3C00B9D06B /* Screens */,
				F9074E442A48FB7B00B9D06B /* SwiftAppetizersApp.swift */,
				F9074E592A4954A500B9D06B /* Models */,
				F9074E462A48FB7B00B9D06B /* AppetizerTabView.swift */,
				F9074E482A48FB7D00B9D06B /* Assets.xcassets */,
				F9074E4A2A48FB7D00B9D06B /* Preview Content */,
			);
			path = SwiftAppetizers;
			sourceTree = "<group>";
		};
		F9074E4A2A48FB7D00B9D06B /* Preview Content */ = {
			isa = PBXGroup;
			children = (
				F9074E4B2A48FB7D00B9D06B /* Preview Assets.xcassets */,
			);
			path = "Preview Content";
			sourceTree = "<group>";
		};
		F9074E542A48FC3C00B9D06B /* Screens */ = {
			isa = PBXGroup;
			children = (
				F9074E522A48FC3100B9D06B /* AppetizerListView.swift */,
				F9074E552A48FC4C00B9D06B /* AccoutView.swift */,
				F9074E572A48FC5100B9D06B /* OrderView.swift */,
			);
			path = Screens;
			sourceTree = "<group>";
		};
		F9074E592A4954A500B9D06B /* Models */ = {
			isa = PBXGroup;
			children = (
				F9074E5A2A4954AE00B9D06B /* Appetizer.swift */,
			);
			path = Models;
			sourceTree = "<group>";
		};
		F9074E5C2A495A1600B9D06B /* Cells */ = {
			isa = PBXGroup;
			children = (
				F9074E5D2A495A2400B9D06B /* AppetizerCell.swift */,
			);
			path = Cells;
			sourceTree = "<group>";
		};
		F9074E5F2A495C9000B9D06B /* Services */ = {
			isa = PBXGroup;
			children = (
				F9074E602A495CA000B9D06B /* NetworkManager.swift */,
			);
			path = Services;
			sourceTree = "<group>";
		};
/* End PBXGroup section */

/* Begin PBXNativeTarget section */
		F9074E402A48FB7B00B9D06B /* SwiftAppetizers */ = {
			isa = PBXNativeTarget;
			buildConfigurationList = F9074E4F2A48FB7D00B9D06B /* Build configuration list for PBXNativeTarget "SwiftAppetizers" */;
			buildPhases = (
				F9074E3D2A48FB7B00B9D06B /* Sources */,
				F9074E3E2A48FB7B00B9D06B /* Frameworks */,
				F9074E3F2A48FB7B00B9D06B /* Resources */,
			);
			buildRules = (
			);
			dependencies = (
			);
			name = SwiftAppetizers;
			productName = SwiftAppetizers;
			productReference = F9074E412A48FB7B00B9D06B /* SwiftAppetizers.app */;
			productType = "com.apple.product-type.application";
		};
/* End PBXNativeTarget section */

/* Begin PBXProject section */
		F9074E392A48FB7B00B9D06B /* Project object */ = {
			isa = PBXProject;
			attributes = {
				BuildIndependentTargetsInParallel = 1;
				LastSwiftUpdateCheck = 1410;
				LastUpgradeCheck = 1410;
				TargetAttributes = {
					F9074E402A48FB7B00B9D06B = {
						CreatedOnToolsVersion = 14.1;
					};
				};
			};
			buildConfigurationList = F9074E3C2A48FB7B00B9D06B /* Build configuration list for PBXProject "SwiftAppetizers" */;
			compatibilityVersion = "Xcode 14.0";
			developmentRegion = en;
			hasScannedForEncodings = 0;
			knownRegions = (
				en,
				Base,
			);
			mainGroup = F9074E382A48FB7B00B9D06B;
			productRefGroup = F9074E422A48FB7B00B9D06B /* Products */;
			projectDirPath = "";
			projectRoot = "";
			targets = (
				F9074E402A48FB7B00B9D06B /* SwiftAppetizers */,
			);
		};
/* End PBXProject section */

/* Begin PBXResourcesBuildPhase section */
		F9074E3F2A48FB7B00B9D06B /* Resources */ = {
			isa = PBXResourcesBuildPhase;
			buildActionMask = 2147483647;
			files = (
				F9074E4C2A48FB7D00B9D06B /* Preview Assets.xcassets in Resources */,
				F9074E492A48FB7D00B9D06B /* Assets.xcassets in Resources */,
			);
			runOnlyForDeploymentPostprocessing = 0;
		};
/* End PBXResourcesBuildPhase section */

/* Begin PBXSourcesBuildPhase section */
		F9074E3D2A48FB7B00B9D06B /* Sources */ = {
			isa = PBXSourcesBuildPhase;
			buildActionMask = 2147483647;
			files = (
				F9074E472A48FB7B00B9D06B /* AppetizerTabView.swift in Sources */,
				F9074E5B2A4954AE00B9D06B /* Appetizer.swift in Sources */,
				F9074E562A48FC4C00B9D06B /* AccoutView.swift in Sources */,
				F9074E452A48FB7B00B9D06B /* SwiftAppetizersApp.swift in Sources */,
				F9074E612A495CA000B9D06B /* NetworkManager.swift in Sources */,
				F9074E5E2A495A2400B9D06B /* AppetizerCell.swift in Sources */,
				F9074E532A48FC3100B9D06B /* AppetizerListView.swift in Sources */,
				F9074E582A48FC5100B9D06B /* OrderView.swift in Sources */,
			);
			runOnlyForDeploymentPostprocessing = 0;
		};
/* End PBXSourcesBuildPhase section */

/* Begin XCBuildConfiguration section */
		F9074E4D2A48FB7D00B9D06B /* Debug */ = {
			isa = XCBuildConfiguration;
			buildSettings = {
				ALWAYS_SEARCH_USER_PATHS = NO;
				CLANG_ANALYZER_NONNULL = YES;
				CLANG_ANALYZER_NUMBER_OBJECT_CONVERSION = YES_AGGRESSIVE;
				CLANG_CXX_LANGUAGE_STANDARD = "gnu++20";
				CLANG_ENABLE_MODULES = YES;
				CLANG_ENABLE_OBJC_ARC = YES;
				CLANG_ENABLE_OBJC_WEAK = YES;
				CLANG_WARN_BLOCK_CAPTURE_AUTORELEASING = YES;
				CLANG_WARN_BOOL_CONVERSION = YES;
				CLANG_WARN_COMMA = YES;
				CLANG_WARN_CONSTANT_CONVERSION = YES;
				CLANG_WARN_DEPRECATED_OBJC_IMPLEMENTATIONS = YES;
				CLANG_WARN_DIRECT_OBJC_ISA_USAGE = YES_ERROR;
				CLANG_WARN_DOCUMENTATION_COMMENTS = YES;
				CLANG_WARN_EMPTY_BODY = YES;
				CLANG_WARN_ENUM_CONVERSION = YES;
				CLANG_WARN_INFINITE_RECURSION = YES;
				CLANG_WARN_INT_CONVERSION = YES;
				CLANG_WARN_NON_LITERAL_NULL_CONVERSION = YES;
				CLANG_WARN_OBJC_IMPLICIT_RETAIN_SELF = YES;
				CLANG_WARN_OBJC_LITERAL_CONVERSION = YES;
				CLANG_WARN_OBJC_ROOT_CLASS = YES_ERROR;
				CLANG_WARN_QUOTED_INCLUDE_IN_FRAMEWORK_HEADER = YES;
				CLANG_WARN_RANGE_LOOP_ANALYSIS = YES;
				CLANG_WARN_STRICT_PROTOTYPES = YES;
				CLANG_WARN_SUSPICIOUS_MOVE = YES;
				CLANG_WARN_UNGUARDED_AVAILABILITY = YES_AGGRESSIVE;
				CLANG_WARN_UNREACHABLE_CODE = YES;
				CLANG_WARN__DUPLICATE_METHOD_MATCH = YES;
				COPY_PHASE_STRIP = NO;
				DEBUG_INFORMATION_FORMAT = dwarf;
				ENABLE_STRICT_OBJC_MSGSEND = YES;
				ENABLE_TESTABILITY = YES;
				GCC_C_LANGUAGE_STANDARD = gnu11;
				GCC_DYNAMIC_NO_PIC = NO;
				GCC_NO_COMMON_BLOCKS = YES;
				GCC_OPTIMIZATION_LEVEL = 0;
				GCC_PREPROCESSOR_DEFINITIONS = (
					"DEBUG=1",
					"$(inherited)",
				);
				GCC_WARN_64_TO_32_BIT_CONVERSION = YES;
				GCC_WARN_ABOUT_RETURN_TYPE = YES_ERROR;
				GCC_WARN_UNDECLARED_SELECTOR = YES;
				GCC_WARN_UNINITIALIZED_AUTOS = YES_AGGRESSIVE;
				GCC_WARN_UNUSED_FUNCTION = YES;
				GCC_WARN_UNUSED_VARIABLE = YES;
				IPHONEOS_DEPLOYMENT_TARGET = 16.1;
				MTL_ENABLE_DEBUG_INFO = INCLUDE_SOURCE;
				MTL_FAST_MATH = YES;
				ONLY_ACTIVE_ARCH = YES;
				SDKROOT = iphoneos;
				SWIFT_ACTIVE_COMPILATION_CONDITIONS = DEBUG;
				SWIFT_OPTIMIZATION_LEVEL = "-Onone";
			};
			name = Debug;
		};
		F9074E4E2A48FB7D00B9D06B /* Release */ = {
			isa = XCBuildConfiguration;
			buildSettings = {
				ALWAYS_SEARCH_USER_PATHS = NO;
				CLANG_ANALYZER_NONNULL = YES;
				CLANG_ANALYZER_NUMBER_OBJECT_CONVERSION = YES_AGGRESSIVE;
				CLANG_CXX_LANGUAGE_STANDARD = "gnu++20";
				CLANG_ENABLE_MODULES = YES;
				CLANG_ENABLE_OBJC_ARC = YES;
				CLANG_ENABLE_OBJC_WEAK = YES;
				CLANG_WARN_BLOCK_CAPTURE_AUTORELEASING = YES;
				CLANG_WARN_BOOL_CONVERSION = YES;
				CLANG_WARN_COMMA = YES;
				CLANG_WARN_CONSTANT_CONVERSION = YES;
				CLANG_WARN_DEPRECATED_OBJC_IMPLEMENTATIONS = YES;
				CLANG_WARN_DIRECT_OBJC_ISA_USAGE = YES_ERROR;
				CLANG_WARN_DOCUMENTATION_COMMENTS = YES;
				CLANG_WARN_EMPTY_BODY = YES;
				CLANG_WARN_ENUM_CONVERSION = YES;
				CLANG_WARN_INFINITE_RECURSION = YES;
				CLANG_WARN_INT_CONVERSION = YES;
				CLANG_WARN_NON_LITERAL_NULL_CONVERSION = YES;
				CLANG_WARN_OBJC_IMPLICIT_RETAIN_SELF = YES;
				CLANG_WARN_OBJC_LITERAL_CONVERSION = YES;
				CLANG_WARN_OBJC_ROOT_CLASS = YES_ERROR;
				CLANG_WARN_QUOTED_INCLUDE_IN_FRAMEWORK_HEADER = YES;
				CLANG_WARN_RANGE_LOOP_ANALYSIS = YES;
				CLANG_WARN_STRICT_PROTOTYPES = YES;
				CLANG_WARN_SUSPICIOUS_MOVE = YES;
				CLANG_WARN_UNGUARDED_AVAILABILITY = YES_AGGRESSIVE;
				CLANG_WARN_UNREACHABLE_CODE = YES;
				CLANG_WARN__DUPLICATE_METHOD_MATCH = YES;
				COPY_PHASE_STRIP = NO;
				DEBUG_INFORMATION_FORMAT = "dwarf-with-dsym";
				ENABLE_NS_ASSERTIONS = NO;
				ENABLE_STRICT_OBJC_MSGSEND = YES;
				GCC_C_LANGUAGE_STANDARD = gnu11;
				GCC_NO_COMMON_BLOCKS = YES;
				GCC_WARN_64_TO_32_BIT_CONVERSION = YES;
				GCC_WARN_ABOUT_RETURN_TYPE = YES_ERROR;
				GCC_WARN_UNDECLARED_SELECTOR = YES;
				GCC_WARN_UNINITIALIZED_AUTOS = YES_AGGRESSIVE;
				GCC_WARN_UNUSED_FUNCTION = YES;
				GCC_WARN_UNUSED_VARIABLE = YES;
				IPHONEOS_DEPLOYMENT_TARGET = 16.1;
				MTL_ENABLE_DEBUG_INFO = NO;
				MTL_FAST_MATH = YES;
				SDKROOT = iphoneos;
				SWIFT_COMPILATION_MODE = wholemodule;
				SWIFT_OPTIMIZATION_LEVEL = "-O";
				VALIDATE_PRODUCT = YES;
			};
			name = Release;
		};
		F9074E502A48FB7D00B9D06B /* Debug */ = {
			isa = XCBuildConfiguration;
			buildSettings = {
				ASSETCATALOG_COMPILER_APPICON_NAME = AppIcon;
				ASSETCATALOG_COMPILER_GLOBAL_ACCENT_COLOR_NAME = AccentColor;
				CODE_SIGN_STYLE = Automatic;
				CURRENT_PROJECT_VERSION = 1;
				DEVELOPMENT_ASSET_PATHS = "\"SwiftAppetizers/Preview Content\"";
				DEVELOPMENT_TEAM = 7UC92653G8;
				ENABLE_PREVIEWS = YES;
				GENERATE_INFOPLIST_FILE = YES;
				INFOPLIST_KEY_UIApplicationSceneManifest_Generation = YES;
				INFOPLIST_KEY_UIApplicationSupportsIndirectInputEvents = YES;
				INFOPLIST_KEY_UILaunchScreen_Generation = YES;
				INFOPLIST_KEY_UISupportedInterfaceOrientations_iPad = "UIInterfaceOrientationPortrait UIInterfaceOrientationPortraitUpsideDown UIInterfaceOrientationLandscapeLeft UIInterfaceOrientationLandscapeRight";
				INFOPLIST_KEY_UISupportedInterfaceOrientations_iPhone = "UIInterfaceOrientationPortrait UIInterfaceOrientationLandscapeLeft UIInterfaceOrientationLandscapeRight";
				LD_RUNPATH_SEARCH_PATHS = (
					"$(inherited)",
					"@executable_path/Frameworks",
				);
				MARKETING_VERSION = 1.0;
				PRODUCT_BUNDLE_IDENTIFIER = com.franklin.SwiftAppetizers;
				PRODUCT_NAME = "$(TARGET_NAME)";
				SWIFT_EMIT_LOC_STRINGS = YES;
				SWIFT_VERSION = 5.0;
				TARGETED_DEVICE_FAMILY = "1,2";
			};
			name = Debug;
		};
		F9074E512A48FB7D00B9D06B /* Release */ = {
			isa = XCBuildConfiguration;
			buildSettings = {
				ASSETCATALOG_COMPILER_APPICON_NAME = AppIcon;
				ASSETCATALOG_COMPILER_GLOBAL_ACCENT_COLOR_NAME = AccentColor;
				CODE_SIGN_STYLE = Automatic;
				CURRENT_PROJECT_VERSION = 1;
				DEVELOPMENT_ASSET_PATHS = "\"SwiftAppetizers/Preview Content\"";
				DEVELOPMENT_TEAM = 7UC92653G8;
				ENABLE_PREVIEWS = YES;
				GENERATE_INFOPLIST_FILE = YES;
				INFOPLIST_KEY_UIApplicationSceneManifest_Generation = YES;
				INFOPLIST_KEY_UIApplicationSupportsIndirectInputEvents = YES;
				INFOPLIST_KEY_UILaunchScreen_Generation = YES;
				INFOPLIST_KEY_UISupportedInterfaceOrientations_iPad = "UIInterfaceOrientationPortrait UIInterfaceOrientationPortraitUpsideDown UIInterfaceOrientationLandscapeLeft UIInterfaceOrientationLandscapeRight";
				INFOPLIST_KEY_UISupportedInterfaceOrientations_iPhone = "UIInterfaceOrientationPortrait UIInterfaceOrientationLandscapeLeft UIInterfaceOrientationLandscapeRight";
				LD_RUNPATH_SEARCH_PATHS = (
					"$(inherited)",
					"@executable_path/Frameworks",
				);
				MARKETING_VERSION = 1.0;
				PRODUCT_BUNDLE_IDENTIFIER = com.franklin.SwiftAppetizers;
				PRODUCT_NAME = "$(TARGET_NAME)";
				SWIFT_EMIT_LOC_STRINGS = YES;
				SWIFT_VERSION = 5.0;
				TARGETED_DEVICE_FAMILY = "1,2";
			};
			name = Release;
		};
/* End XCBuildConfiguration section */

/* Begin XCConfigurationList section */
		F9074E3C2A48FB7B00B9D06B /* Build configuration list for PBXProject "SwiftAppetizers" */ = {
			isa = XCConfigurationList;
			buildConfigurations = (
				F9074E4D2A48FB7D00B9D06B /* Debug */,
				F9074E4E2A48FB7D00B9D06B /* Release */,
			);
			defaultConfigurationIsVisible = 0;
			defaultConfigurationName = Release;
		};
		F9074E4F2A48FB7D00B9D06B /* Build configuration list for PBXNativeTarget "SwiftAppetizers" */ = {
			isa = XCConfigurationList;
			buildConfigurations = (
				F9074E502A48FB7D00B9D06B /* Debug */,
				F9074E512A48FB7D00B9D06B /* Release */,
			);
			defaultConfigurationIsVisible = 0;
			defaultConfigurationName = Release;
		};
/* End XCConfigurationList section */
	};
	rootObject = F9074E392A48FB7B00B9D06B /* Project object */;
}
